<?xml version="1.0" encoding="utf-8"?>
<Project ToolsVersion="4.0" xmlns="http://schemas.microsoft.com/developer/msbuild/2003">
  <ItemGroup>
    <Filter Include="Resource Files">
      <UniqueIdentifier>{67DA6AB6-F800-4c08-8B7A-83BB121AAD01}</UniqueIdentifier>
      <Extensions>rc;ico;cur;bmp;dlg;rc2;rct;bin;rgs;gif;jpg;jpeg;jpe;resx;tiff;tif;png;wav;mfcribbon-ms</Extensions>
    </Filter>
    <Filter Include="Main">
      <UniqueIdentifier>{03a21474-74ae-4cc0-aea2-24aa3ea2b7ef}</UniqueIdentifier>
    </Filter>
    <Filter Include="Main\Minigin">
      <UniqueIdentifier>{1ad50f5f-05a8-4ddc-95ae-380e3353e116}</UniqueIdentifier>
    </Filter>
    <Filter Include="Main\Minigin\SceneManager">
      <UniqueIdentifier>{4610e65e-e67e-430e-bed4-d63570fa0492}</UniqueIdentifier>
    </Filter>
    <Filter Include="Main\Minigin\SceneManager\Scene">
      <UniqueIdentifier>{e85fa300-50f8-4722-8750-77c0c0e8fdf1}</UniqueIdentifier>
    </Filter>
    <Filter Include="Individual Source Files">
      <UniqueIdentifier>{4FC737F1-C7A5-4376-A066-2A32D752A2FF}</UniqueIdentifier>
      <Extensions>cpp;c;cc;cxx;def;odl;idl;hpj;bat;asm;asmx</Extensions>
    </Filter>
    <Filter Include="Individual Header Files">
      <UniqueIdentifier>{93995380-89BD-4b04-88EB-625FBE52EBFB}</UniqueIdentifier>
      <Extensions>h;hh;hpp;hxx;hm;inl;inc;xsd</Extensions>
    </Filter>
    <Filter Include="Main\Minigin\SceneManager\Scene\GameObject">
      <UniqueIdentifier>{f5b284f5-f421-4216-8fe4-c0d6ca9d8a61}</UniqueIdentifier>
    </Filter>
    <Filter Include="Main\Minigin\SceneManager\Scene\GameObject\Component + Components">
      <UniqueIdentifier>{b8faf56d-ccd5-4b4c-9b1b-b43ea585f7e2}</UniqueIdentifier>
    </Filter>
    <Filter Include="Main\Minigin\Renderer">
      <UniqueIdentifier>{92980547-0089-468e-9568-40e483ddd130}</UniqueIdentifier>
    </Filter>
    <Filter Include="Main\Minigin\SceneManager\Scene\GameObject\Component + Components\TextureComponent">
      <UniqueIdentifier>{92016bca-6ca1-4524-a5c2-e8ad02caff32}</UniqueIdentifier>
    </Filter>
    <Filter Include="Main\Minigin\SceneManager\Scene\GameObject\Component + Components\TextureComponent\TextComponent">
      <UniqueIdentifier>{1ccdde4a-de8b-40f5-bda4-e60c357ef6ae}</UniqueIdentifier>
    </Filter>
    <Filter Include="Main\Minigin\SceneManager\Scene\GameObject\Component + Components\TextureComponent\ImageComponent">
      <UniqueIdentifier>{6b765ee4-4522-47ed-8eb4-72723ab24c77}</UniqueIdentifier>
    </Filter>
    <Filter Include="Main\Minigin\SceneManager\Scene\GameObject\Component + Components\TextureComponent\TextComponent\Font">
      <UniqueIdentifier>{f20eb32a-359f-482b-924f-4cf82455c648}</UniqueIdentifier>
    </Filter>
    <Filter Include="Main\Minigin\SceneManager\Scene\GameObject\Component + Components\Transform">
      <UniqueIdentifier>{ea39866e-54d4-447a-8a35-06f1ce659b61}</UniqueIdentifier>
    </Filter>
  </ItemGroup>
  <ItemGroup>
    <ClInclude Include="Singleton.h">
      <Filter>Individual Header Files</Filter>
    </ClInclude>
    <ClInclude Include="ResourceManager.h">
      <Filter>Individual Header Files</Filter>
    </ClInclude>
    <ClInclude Include="InputManager.h">
      <Filter>Individual Header Files</Filter>
    </ClInclude>
    <ClInclude Include="Component.h">
      <Filter>Main\Minigin\SceneManager\Scene\GameObject\Component + Components</Filter>
    </ClInclude>
    <ClInclude Include="TextComponent.h">
      <Filter>Main\Minigin\SceneManager\Scene\GameObject\Component + Components\TextureComponent\TextComponent</Filter>
    </ClInclude>
    <ClInclude Include="GameObject.h">
      <Filter>Main\Minigin\SceneManager\Scene\GameObject</Filter>
    </ClInclude>
    <ClInclude Include="Scene.h">
      <Filter>Main\Minigin\SceneManager\Scene</Filter>
    </ClInclude>
    <ClInclude Include="SceneManager.h">
      <Filter>Main\Minigin\SceneManager</Filter>
    </ClInclude>
    <ClInclude Include="Minigin.h">
      <Filter>Main\Minigin</Filter>
    </ClInclude>
    <ClInclude Include="Renderer.h">
      <Filter>Main\Minigin\Renderer</Filter>
    </ClInclude>
    <ClInclude Include="Font.h">
      <Filter>Main\Minigin\SceneManager\Scene\GameObject\Component + Components\TextureComponent\TextComponent\Font</Filter>
    </ClInclude>
    <ClInclude Include="Texture2D.h">
      <Filter>Main\Minigin\SceneManager\Scene\GameObject\Component + Components\TextureComponent</Filter>
    </ClInclude>
    <ClInclude Include="Transform.h">
      <Filter>Main\Minigin\SceneManager\Scene\GameObject\Component + Components\Transform</Filter>
    </ClInclude>
    <ClInclude Include="ImageComponent.h">
      <Filter>Main\Minigin\SceneManager\Scene\GameObject\Component + Components\TextureComponent\ImageComponent</Filter>
    </ClInclude>
    <ClInclude Include="FPS.h">
      <Filter>Main\Minigin\SceneManager\Scene\GameObject\Component + Components\TextureComponent\TextComponent</Filter>
    </ClInclude>
  </ItemGroup>
  <ItemGroup>
    <ClCompile Include="ResourceManager.cpp">
      <Filter>Individual Source Files</Filter>
    </ClCompile>
    <ClCompile Include="InputManager.cpp">
      <Filter>Individual Source Files</Filter>
    </ClCompile>
    <ClCompile Include="Component.cpp">
      <Filter>Main\Minigin\SceneManager\Scene\GameObject\Component + Components</Filter>
    </ClCompile>
    <ClCompile Include="TextComponent.cpp">
      <Filter>Main\Minigin\SceneManager\Scene\GameObject\Component + Components\TextureComponent\TextComponent</Filter>
    </ClCompile>
    <ClCompile Include="GameObject.cpp">
      <Filter>Main\Minigin\SceneManager\Scene\GameObject</Filter>
    </ClCompile>
    <ClCompile Include="Scene.cpp">
      <Filter>Main\Minigin\SceneManager\Scene</Filter>
    </ClCompile>
    <ClCompile Include="SceneManager.cpp">
      <Filter>Main\Minigin\SceneManager</Filter>
    </ClCompile>
    <ClCompile Include="Minigin.cpp">
      <Filter>Main\Minigin</Filter>
    </ClCompile>
    <ClCompile Include="Main.cpp">
      <Filter>Main</Filter>
    </ClCompile>
    <ClCompile Include="Renderer.cpp">
      <Filter>Main\Minigin\Renderer</Filter>
    </ClCompile>
    <ClCompile Include="Font.cpp">
      <Filter>Main\Minigin\SceneManager\Scene\GameObject\Component + Components\TextureComponent\TextComponent\Font</Filter>
    </ClCompile>
    <ClCompile Include="Texture2D.cpp">
      <Filter>Main\Minigin\SceneManager\Scene\GameObject\Component + Components\TextureComponent</Filter>
    </ClCompile>
    <ClCompile Include="Transform.cpp">
      <Filter>Main\Minigin\SceneManager\Scene\GameObject\Component + Components\Transform</Filter>
    </ClCompile>
    <ClCompile Include="ImageComponent.cpp">
      <Filter>Main\Minigin\SceneManager\Scene\GameObject\Component + Components\TextureComponent\ImageComponent</Filter>
    </ClCompile>
    <ClCompile Include="FPS.cpp">
      <Filter>Main\Minigin\SceneManager\Scene\GameObject\Component + Components\TextureComponent\TextComponent</Filter>
    </ClCompile>
  </ItemGroup>
</Project>